
Microsoft Visual Studio Solution File, Format Version 12.00
# Visual Studio Version 17
VisualStudioVersion = 17.9.34518.117
MinimumVisualStudioVersion = 10.0.40219.1
Project("{9A19103F-16F7-4668-BE54-9A1E7A4F7556}") = "Deployee", "Deployee\Deployee.csproj", "{608E2C35-5607-4552-877D-309504D43252}"
EndProject
Project("{2150E333-8FDC-42A3-9474-1A3956D46DE8}") = "src", "src", "{704F5BBD-EF46-49FE-B1D3-D3B6C7CA77C7}"
EndProject
Project("{FAE04EC0-301F-11D3-BF4B-00C04F79EFBC}") = "Deployee.Application", "Deployee.Application\Deployee.Application.csproj", "{8C541106-DC7B-4781-830B-2BFCE6218D0F}"
EndProject
Project("{FAE04EC0-301F-11D3-BF4B-00C04F79EFBC}") = "Deployee.Infrastructure", "Deployee.Infrastructure\Deployee.Infrastructure.csproj", "{7276B194-0222-40B5-9FCF-3BA658069768}"
EndProject
Project("{FAE04EC0-301F-11D3-BF4B-00C04F79EFBC}") = "Deployee.Domain", "Deployee.Domain\Deployee.Domain.csproj", "{C59E6155-8AB9-4C3F-95DA-439CC6A1B69E}"
EndProject
Global
	GlobalSection(SolutionConfigurationPlatforms) = preSolution
		Debug|Any CPU = Debug|Any CPU
		Release|Any CPU = Release|Any CPU
	EndGlobalSection
	GlobalSection(ProjectConfigurationPlatforms) = postSolution
		{608E2C35-5607-4552-877D-309504D43252}.Debug|Any CPU.ActiveCfg = Debug|Any CPU
		{608E2C35-5607-4552-877D-309504D43252}.Debug|Any CPU.Build.0 = Debug|Any CPU
		{608E2C35-5607-4552-877D-309504D43252}.Release|Any CPU.ActiveCfg = Release|Any CPU
		{608E2C35-5607-4552-877D-309504D43252}.Release|Any CPU.Build.0 = Release|Any CPU
		{8C541106-DC7B-4781-830B-2BFCE6218D0F}.Debug|Any CPU.ActiveCfg = Debug|Any CPU
		{8C541106-DC7B-4781-830B-2BFCE6218D0F}.Debug|Any CPU.Build.0 = Debug|Any CPU
		{8C541106-DC7B-4781-830B-2BFCE6218D0F}.Release|Any CPU.ActiveCfg = Release|Any CPU
		{8C541106-DC7B-4781-830B-2BFCE6218D0F}.Release|Any CPU.Build.0 = Release|Any CPU
		{7276B194-0222-40B5-9FCF-3BA658069768}.Debug|Any CPU.ActiveCfg = Debug|Any CPU
		{7276B194-0222-40B5-9FCF-3BA658069768}.Debug|Any CPU.Build.0 = Debug|Any CPU
		{7276B194-0222-40B5-9FCF-3BA658069768}.Release|Any CPU.ActiveCfg = Release|Any CPU
		{7276B194-0222-40B5-9FCF-3BA658069768}.Release|Any CPU.Build.0 = Release|Any CPU
		{C59E6155-8AB9-4C3F-95DA-439CC6A1B69E}.Debug|Any CPU.ActiveCfg = Debug|Any CPU
		{C59E6155-8AB9-4C3F-95DA-439CC6A1B69E}.Debug|Any CPU.Build.0 = Debug|Any CPU
		{C59E6155-8AB9-4C3F-95DA-439CC6A1B69E}.Release|Any CPU.ActiveCfg = Release|Any CPU
		{C59E6155-8AB9-4C3F-95DA-439CC6A1B69E}.Release|Any CPU.Build.0 = Release|Any CPU
	EndGlobalSection
	GlobalSection(SolutionProperties) = preSolution
		HideSolutionNode = FALSE
	EndGlobalSection
	GlobalSection(NestedProjects) = preSolution
		{8C541106-DC7B-4781-830B-2BFCE6218D0F} = {704F5BBD-EF46-49FE-B1D3-D3B6C7CA77C7}
		{7276B194-0222-40B5-9FCF-3BA658069768} = {704F5BBD-EF46-49FE-B1D3-D3B6C7CA77C7}
		{C59E6155-8AB9-4C3F-95DA-439CC6A1B69E} = {704F5BBD-EF46-49FE-B1D3-D3B6C7CA77C7}
	EndGlobalSection
	GlobalSection(ExtensibilityGlobals) = postSolution
		SolutionGuid = {F4E35E22-8A54-4130-86FF-D55592D94BF4}
	EndGlobalSection
EndGlobal
